
Microsoft Visual Studio Solution File, Format Version 12.00
# Visual Studio Version 16
VisualStudioVersion = 16.0.31410.357
MinimumVisualStudioVersion = 10.0.40219.1
Project("{FAE04EC0-301F-11D3-BF4B-00C04F79EFBC}") = "addressbook-web-tests", "addressbook-web-tests.csproj", "{325DCBED-5FB4-4CAD-9F4D-513DAD6356B4}"
EndProject
Project("{FAE04EC0-301F-11D3-BF4B-00C04F79EFBC}") = "adddressbook_test_data_generators1", "..\adddressbook_test_data_generators1\adddressbook_test_data_generators1.csproj", "{0F818D09-FCC7-4332-9186-15D0357AC20E}"
	ProjectSection(ProjectDependencies) = postProject
		{325DCBED-5FB4-4CAD-9F4D-513DAD6356B4} = {325DCBED-5FB4-4CAD-9F4D-513DAD6356B4}
	EndProjectSection
EndProject
Global
	GlobalSection(SolutionConfigurationPlatforms) = preSolution
		Debug|Any CPU = Debug|Any CPU
		Release|Any CPU = Release|Any CPU
	EndGlobalSection
	GlobalSection(ProjectConfigurationPlatforms) = postSolution
		{325DCBED-5FB4-4CAD-9F4D-513DAD6356B4}.Debug|Any CPU.ActiveCfg = Debug|Any CPU
		{325DCBED-5FB4-4CAD-9F4D-513DAD6356B4}.Debug|Any CPU.Build.0 = Debug|Any CPU
		{325DCBED-5FB4-4CAD-9F4D-513DAD6356B4}.Release|Any CPU.ActiveCfg = Release|Any CPU
		{325DCBED-5FB4-4CAD-9F4D-513DAD6356B4}.Release|Any CPU.Build.0 = Release|Any CPU
		{0F818D09-FCC7-4332-9186-15D0357AC20E}.Debug|Any CPU.ActiveCfg = Debug|Any CPU
		{0F818D09-FCC7-4332-9186-15D0357AC20E}.Debug|Any CPU.Build.0 = Debug|Any CPU
		{0F818D09-FCC7-4332-9186-15D0357AC20E}.Release|Any CPU.ActiveCfg = Release|Any CPU
		{0F818D09-FCC7-4332-9186-15D0357AC20E}.Release|Any CPU.Build.0 = Release|Any CPU
	EndGlobalSection
	GlobalSection(SolutionProperties) = preSolution
		HideSolutionNode = FALSE
	EndGlobalSection
	GlobalSection(ExtensibilityGlobals) = postSolution
		SolutionGuid = {9BD86F18-B3EA-4916-A382-CA6349B10EF2}
	EndGlobalSection
EndGlobal
